{
  "version": 4,
  "terraform_version": "1.4.5",
  "serial": 43,
  "lineage": "d7341dc8-d5ca-0a4a-1540-dd40ab9a1d6d",
  "outputs": {},
  "resources": [
    {
      "mode": "data",
      "type": "ibm_resource_group",
      "name": "rg",
      "provider": "provider[\"registry.terraform.io/ibm-cloud/ibm\"]",
      "instances": [
        {
          "schema_version": 0,
          "attributes": {
            "account_id": "847733f0c04e4162984fbac7d9a02687",
            "created_at": "2023-05-23T13:53:28.404Z",
            "crn": "crn:v1:bluemix:public:resource-controller::a/847733f0c04e4162984fbac7d9a02687::resource-group:0b8e94b052eb4513b73ef414d36cab5f",
            "id": "0b8e94b052eb4513b73ef414d36cab5f",
            "is_default": true,
            "name": "Default",
            "payment_methods_url": null,
            "quota_id": "a3d7b8d01e261c24677937c29ab33f3c",
            "quota_url": "/v2/quota_definitions/a3d7b8d01e261c24677937c29ab33f3c",
            "resource_linkages": [],
            "state": "ACTIVE",
            "teams_url": null,
            "updated_at": "2023-05-25T17:59:36.912Z"
          },
          "sensitive_attributes": []
        }
      ]
    },
    {
      "mode": "managed",
      "type": "docker_image",
      "name": "image",
      "provider": "provider[\"registry.terraform.io/kreuzwerker/docker\"]",
      "instances": [
        {
          "schema_version": 0,
          "attributes": {
            "build": [
              {
                "auth_config": [],
                "build_arg": null,
                "build_args": null,
                "build_id": "",
                "cache_from": [],
                "cgroup_parent": "",
                "context": "/home/ubuntu/springboot-ibmcloud/code-engine/springboot-ibmcloud-main",
                "cpu_period": null,
                "cpu_quota": null,
                "cpu_set_cpus": "",
                "cpu_set_mems": "",
                "cpu_shares": null,
                "dockerfile": "Dockerfile",
                "extra_hosts": [],
                "force_remove": null,
                "isolation": "",
                "label": null,
                "labels": null,
                "memory": null,
                "memory_swap": null,
                "network_mode": "",
                "no_cache": null,
                "platform": "",
                "pull_parent": null,
                "remote_context": "",
                "remove": true,
                "security_opt": [],
                "session_id": "",
                "shm_size": null,
                "squash": null,
                "suppress_output": null,
                "tag": [
                  "private.us.icr.io/my_springboot_namespace_1/springboot-app14:latest",
                  "us.icr.io/my_springboot_namespace_1/springboot-app14:latest"
                ],
                "target": "",
                "ulimit": [],
                "version": ""
              }
            ],
            "force_remove": null,
            "id": "sha256:cd4752eb59e20b481d55f2815cec7cc7a06c2e275dae157e16f0f33604d57e1aus.icr.io/my_springboot_namespace_1/springboot-app14",
            "image_id": "sha256:cd4752eb59e20b481d55f2815cec7cc7a06c2e275dae157e16f0f33604d57e1a",
            "keep_locally": null,
            "name": "us.icr.io/my_springboot_namespace_1/springboot-app14",
            "platform": null,
            "pull_triggers": null,
            "repo_digest": "",
            "triggers": null
          },
          "sensitive_attributes": [],
          "private": "bnVsbA=="
        }
      ]
    },
    {
      "mode": "managed",
      "type": "ibm_code_engine_app",
      "name": "code_engine_app_instance",
      "provider": "provider[\"registry.terraform.io/ibm-cloud/ibm\"]",
      "instances": []
    },
    {
      "mode": "managed",
      "type": "ibm_code_engine_project",
      "name": "code_engine_project_instance",
      "provider": "provider[\"registry.terraform.io/ibm-cloud/ibm\"]",
      "instances": [
        {
          "schema_version": 0,
          "attributes": {
            "account_id": "847733f0c04e4162984fbac7d9a02687",
            "created_at": "2023-06-01T21:54:10.046035665Z",
            "crn": "crn:v1:bluemix:public:codeengine:us-south:a/847733f0c04e4162984fbac7d9a02687:548eba03-899a-4c98-9a49-e8514f03cd81::",
            "href": "https://api.us-south.codeengine.cloud.ibm.com/v2/projects/548eba03-899a-4c98-9a49-e8514f03cd81",
            "id": "548eba03-899a-4c98-9a49-e8514f03cd81",
            "name": "Springboot-CE17",
            "project_id": "548eba03-899a-4c98-9a49-e8514f03cd81",
            "region": "us-south",
            "resource_group_id": "0b8e94b052eb4513b73ef414d36cab5f",
            "resource_type": "project_v2",
            "status": "active",
            "timeouts": null
          },
          "sensitive_attributes": [],
          "private": "eyJlMmJmYjczMC1lY2FhLTExZTYtOGY4OC0zNDM2M2JjN2M0YzAiOnsiY3JlYXRlIjo2MDAwMDAwMDAwMDB9fQ==",
          "dependencies": [
            "data.ibm_resource_group.rg"
          ]
        }
      ]
    },
    {
      "mode": "managed",
      "type": "ibm_cr_namespace",
      "name": "rg_namespace",
      "provider": "provider[\"registry.terraform.io/ibm-cloud/ibm\"]",
      "instances": [
        {
          "schema_version": 0,
          "attributes": {
            "account": "847733f0c04e4162984fbac7d9a02687",
            "created_date": "2023-06-01 21:54:09",
            "created_on": "2023-06-01 21:54:09",
            "crn": "crn:v1:bluemix:public:container-registry:us-south:a/847733f0c04e4162984fbac7d9a02687::namespace:my_springboot_namespace_1",
            "id": "my_springboot_namespace_1",
            "name": "my_springboot_namespace_1",
            "resource_created_date": "2023-06-01 21:54:09",
            "resource_group_id": "0b8e94b052eb4513b73ef414d36cab5f",
            "tags": null,
            "updated_date": "2023-06-01 21:54:09",
            "updated_on": "2023-06-01 21:54:09"
          },
          "sensitive_attributes": [],
          "private": "bnVsbA==",
          "dependencies": [
            "data.ibm_resource_group.rg"
          ]
        }
      ]
    }
  ],
  "check_results": null
}
